
Microsoft Visual Studio Solution File, Format Version 12.00
# Visual Studio Version 17
VisualStudioVersion = 17.2.32516.85
MinimumVisualStudioVersion = 10.0.40219.1
Project("{FAE04EC0-301F-11D3-BF4B-00C04F79EFBC}") = "AzureAILabb1", "AzureAILabb1\AzureAILabb1.csproj", "{EF6C614D-1733-42F5-AD11-0F08EC0F02CA}"
EndProject
Global
	GlobalSection(SolutionConfigurationPlatforms) = preSolution
		Debug|Any CPU = Debug|Any CPU
		Release|Any CPU = Release|Any CPU
	EndGlobalSection
	GlobalSection(ProjectConfigurationPlatforms) = postSolution
		{EF6C614D-1733-42F5-AD11-0F08EC0F02CA}.Debug|Any CPU.ActiveCfg = Debug|Any CPU
		{EF6C614D-1733-42F5-AD11-0F08EC0F02CA}.Debug|Any CPU.Build.0 = Debug|Any CPU
		{EF6C614D-1733-42F5-AD11-0F08EC0F02CA}.Release|Any CPU.ActiveCfg = Release|Any CPU
		{EF6C614D-1733-42F5-AD11-0F08EC0F02CA}.Release|Any CPU.Build.0 = Release|Any CPU
	EndGlobalSection
	GlobalSection(SolutionProperties) = preSolution
		HideSolutionNode = FALSE
	EndGlobalSection
	GlobalSection(ExtensibilityGlobals) = postSolution
		SolutionGuid = {73DEEA7E-D2CE-41A2-829D-90C34D169D16}
	EndGlobalSection
EndGlobal
